Microsoft Visual Studio Solution File, Format Version 12.00
# Visual Studio 16
Project("{8BC9CEB8-8B4A-11D0-8D11-00A0C91BC942}") = "ALL_BUILD", "ALL_BUILD.vcxproj", "{99A8AE4F-22FF-3245-9137-DCAE77441FFA}"
	ProjectSection(ProjectDependencies) = postProject
		{C0B4DE73-D86E-378A-B57F-AF3D51F4A107} = {C0B4DE73-D86E-378A-B57F-AF3D51F4A107}
		{3D92BD3D-EA20-3EA3-A2E5-1FEB98FBABA7} = {3D92BD3D-EA20-3EA3-A2E5-1FEB98FBABA7}
		{BCD19C9D-EAE2-37AC-980B-9D63D65213FC} = {BCD19C9D-EAE2-37AC-980B-9D63D65213FC}
		{2CDC70A5-EB68-3498-8A4F-53B81EF814AD} = {2CDC70A5-EB68-3498-8A4F-53B81EF814AD}
	EndProjectSection
EndProject
Project("{8BC9CEB8-8B4A-11D0-8D11-00A0C91BC942}") = "INSTALL", "INSTALL.vcxproj", "{E67A147C-524A-37F7-8013-2C029946A8B5}"
	ProjectSection(ProjectDependencies) = postProject
		{99A8AE4F-22FF-3245-9137-DCAE77441FFA} = {99A8AE4F-22FF-3245-9137-DCAE77441FFA}
		{C0B4DE73-D86E-378A-B57F-AF3D51F4A107} = {C0B4DE73-D86E-378A-B57F-AF3D51F4A107}
	EndProjectSection
EndProject
Project("{8BC9CEB8-8B4A-11D0-8D11-00A0C91BC942}") = "ZERO_CHECK", "ZERO_CHECK.vcxproj", "{C0B4DE73-D86E-378A-B57F-AF3D51F4A107}"
	ProjectSection(ProjectDependencies) = postProject
	EndProjectSection
EndProject
Project("{8BC9CEB8-8B4A-11D0-8D11-00A0C91BC942}") = "dark", "dark.vcxproj", "{3D92BD3D-EA20-3EA3-A2E5-1FEB98FBABA7}"
	ProjectSection(ProjectDependencies) = postProject
		{C0B4DE73-D86E-378A-B57F-AF3D51F4A107} = {C0B4DE73-D86E-378A-B57F-AF3D51F4A107}
	EndProjectSection
EndProject
Project("{8BC9CEB8-8B4A-11D0-8D11-00A0C91BC942}") = "darknet", "darknet.vcxproj", "{BCD19C9D-EAE2-37AC-980B-9D63D65213FC}"
	ProjectSection(ProjectDependencies) = postProject
		{C0B4DE73-D86E-378A-B57F-AF3D51F4A107} = {C0B4DE73-D86E-378A-B57F-AF3D51F4A107}
	EndProjectSection
EndProject
Project("{8BC9CEB8-8B4A-11D0-8D11-00A0C91BC942}") = "uselib", "uselib.vcxproj", "{2CDC70A5-EB68-3498-8A4F-53B81EF814AD}"
	ProjectSection(ProjectDependencies) = postProject
		{C0B4DE73-D86E-378A-B57F-AF3D51F4A107} = {C0B4DE73-D86E-378A-B57F-AF3D51F4A107}
		{3D92BD3D-EA20-3EA3-A2E5-1FEB98FBABA7} = {3D92BD3D-EA20-3EA3-A2E5-1FEB98FBABA7}
	EndProjectSection
EndProject
Global
	GlobalSection(SolutionConfigurationPlatforms) = preSolution
		Debug|x64 = Debug|x64
		Release|x64 = Release|x64
		MinSizeRel|x64 = MinSizeRel|x64
		RelWithDebInfo|x64 = RelWithDebInfo|x64
	EndGlobalSection
	GlobalSection(ProjectConfigurationPlatforms) = postSolution
		{99A8AE4F-22FF-3245-9137-DCAE77441FFA}.Debug|x64.ActiveCfg = Debug|x64
		{99A8AE4F-22FF-3245-9137-DCAE77441FFA}.Debug|x64.Build.0 = Debug|x64
		{99A8AE4F-22FF-3245-9137-DCAE77441FFA}.Release|x64.ActiveCfg = Release|x64
		{99A8AE4F-22FF-3245-9137-DCAE77441FFA}.Release|x64.Build.0 = Release|x64
		{99A8AE4F-22FF-3245-9137-DCAE77441FFA}.MinSizeRel|x64.ActiveCfg = MinSizeRel|x64
		{99A8AE4F-22FF-3245-9137-DCAE77441FFA}.MinSizeRel|x64.Build.0 = MinSizeRel|x64
		{99A8AE4F-22FF-3245-9137-DCAE77441FFA}.RelWithDebInfo|x64.ActiveCfg = RelWithDebInfo|x64
		{99A8AE4F-22FF-3245-9137-DCAE77441FFA}.RelWithDebInfo|x64.Build.0 = RelWithDebInfo|x64
		{E67A147C-524A-37F7-8013-2C029946A8B5}.Debug|x64.ActiveCfg = Debug|x64
		{E67A147C-524A-37F7-8013-2C029946A8B5}.Release|x64.ActiveCfg = Release|x64
		{E67A147C-524A-37F7-8013-2C029946A8B5}.MinSizeRel|x64.ActiveCfg = MinSizeRel|x64
		{E67A147C-524A-37F7-8013-2C029946A8B5}.RelWithDebInfo|x64.ActiveCfg = RelWithDebInfo|x64
		{C0B4DE73-D86E-378A-B57F-AF3D51F4A107}.Debug|x64.ActiveCfg = Debug|x64
		{C0B4DE73-D86E-378A-B57F-AF3D51F4A107}.Debug|x64.Build.0 = Debug|x64
		{C0B4DE73-D86E-378A-B57F-AF3D51F4A107}.Release|x64.ActiveCfg = Release|x64
		{C0B4DE73-D86E-378A-B57F-AF3D51F4A107}.Release|x64.Build.0 = Release|x64
		{C0B4DE73-D86E-378A-B57F-AF3D51F4A107}.MinSizeRel|x64.ActiveCfg = MinSizeRel|x64
		{C0B4DE73-D86E-378A-B57F-AF3D51F4A107}.MinSizeRel|x64.Build.0 = MinSizeRel|x64
		{C0B4DE73-D86E-378A-B57F-AF3D51F4A107}.RelWithDebInfo|x64.ActiveCfg = RelWithDebInfo|x64
		{C0B4DE73-D86E-378A-B57F-AF3D51F4A107}.RelWithDebInfo|x64.Build.0 = RelWithDebInfo|x64
		{3D92BD3D-EA20-3EA3-A2E5-1FEB98FBABA7}.Debug|x64.ActiveCfg = Debug|x64
		{3D92BD3D-EA20-3EA3-A2E5-1FEB98FBABA7}.Debug|x64.Build.0 = Debug|x64
		{3D92BD3D-EA20-3EA3-A2E5-1FEB98FBABA7}.Release|x64.ActiveCfg = Release|x64
		{3D92BD3D-EA20-3EA3-A2E5-1FEB98FBABA7}.Release|x64.Build.0 = Release|x64
		{3D92BD3D-EA20-3EA3-A2E5-1FEB98FBABA7}.MinSizeRel|x64.ActiveCfg = MinSizeRel|x64
		{3D92BD3D-EA20-3EA3-A2E5-1FEB98FBABA7}.MinSizeRel|x64.Build.0 = MinSizeRel|x64
		{3D92BD3D-EA20-3EA3-A2E5-1FEB98FBABA7}.RelWithDebInfo|x64.ActiveCfg = RelWithDebInfo|x64
		{3D92BD3D-EA20-3EA3-A2E5-1FEB98FBABA7}.RelWithDebInfo|x64.Build.0 = RelWithDebInfo|x64
		{BCD19C9D-EAE2-37AC-980B-9D63D65213FC}.Debug|x64.ActiveCfg = Debug|x64
		{BCD19C9D-EAE2-37AC-980B-9D63D65213FC}.Debug|x64.Build.0 = Debug|x64
		{BCD19C9D-EAE2-37AC-980B-9D63D65213FC}.Release|x64.ActiveCfg = Release|x64
		{BCD19C9D-EAE2-37AC-980B-9D63D65213FC}.Release|x64.Build.0 = Release|x64
		{BCD19C9D-EAE2-37AC-980B-9D63D65213FC}.MinSizeRel|x64.ActiveCfg = MinSizeRel|x64
		{BCD19C9D-EAE2-37AC-980B-9D63D65213FC}.MinSizeRel|x64.Build.0 = MinSizeRel|x64
		{BCD19C9D-EAE2-37AC-980B-9D63D65213FC}.RelWithDebInfo|x64.ActiveCfg = RelWithDebInfo|x64
		{BCD19C9D-EAE2-37AC-980B-9D63D65213FC}.RelWithDebInfo|x64.Build.0 = RelWithDebInfo|x64
		{2CDC70A5-EB68-3498-8A4F-53B81EF814AD}.Debug|x64.ActiveCfg = Debug|x64
		{2CDC70A5-EB68-3498-8A4F-53B81EF814AD}.Debug|x64.Build.0 = Debug|x64
		{2CDC70A5-EB68-3498-8A4F-53B81EF814AD}.Release|x64.ActiveCfg = Release|x64
		{2CDC70A5-EB68-3498-8A4F-53B81EF814AD}.Release|x64.Build.0 = Release|x64
		{2CDC70A5-EB68-3498-8A4F-53B81EF814AD}.MinSizeRel|x64.ActiveCfg = MinSizeRel|x64
		{2CDC70A5-EB68-3498-8A4F-53B81EF814AD}.MinSizeRel|x64.Build.0 = MinSizeRel|x64
		{2CDC70A5-EB68-3498-8A4F-53B81EF814AD}.RelWithDebInfo|x64.ActiveCfg = RelWithDebInfo|x64
		{2CDC70A5-EB68-3498-8A4F-53B81EF814AD}.RelWithDebInfo|x64.Build.0 = RelWithDebInfo|x64
	EndGlobalSection
	GlobalSection(ExtensibilityGlobals) = postSolution
		SolutionGuid = {ECED69E6-4B8F-3FED-8570-F085D766DFE7}
	EndGlobalSection
	GlobalSection(ExtensibilityAddIns) = postSolution
	EndGlobalSection
EndGlobal
